
Microsoft Visual Studio Solution File, Format Version 12.00
# Visual Studio Version 17
VisualStudioVersion = 17.0.31612.314
MinimumVisualStudioVersion = 10.0.40219.1
Project("{FAE04EC0-301F-11D3-BF4B-00C04F79EFBC}") = "GuessHowLongItTakes", "GuessHowLongItTakes\GuessHowLongItTakes.csproj", "{A70DCDD1-8D7C-454C-BFE7-BA813DFA81F9}"
EndProject
Global
	GlobalSection(SolutionConfigurationPlatforms) = preSolution
		Debug|Any CPU = Debug|Any CPU
		Release|Any CPU = Release|Any CPU
	EndGlobalSection
	GlobalSection(ProjectConfigurationPlatforms) = postSolution
		{A70DCDD1-8D7C-454C-BFE7-BA813DFA81F9}.Debug|Any CPU.ActiveCfg = Debug|Any CPU
		{A70DCDD1-8D7C-454C-BFE7-BA813DFA81F9}.Debug|Any CPU.Build.0 = Debug|Any CPU
		{A70DCDD1-8D7C-454C-BFE7-BA813DFA81F9}.Release|Any CPU.ActiveCfg = Release|Any CPU
		{A70DCDD1-8D7C-454C-BFE7-BA813DFA81F9}.Release|Any CPU.Build.0 = Release|Any CPU
	EndGlobalSection
	GlobalSection(SolutionProperties) = preSolution
		HideSolutionNode = FALSE
	EndGlobalSection
	GlobalSection(ExtensibilityGlobals) = postSolution
		SolutionGuid = {251B6406-CD0A-4033-B09A-275D05958EA5}
	EndGlobalSection
EndGlobal
